<?xml version="1.0" encoding="utf-8"?>
<Project ToolsVersion="4.0" xmlns="http://schemas.microsoft.com/developer/msbuild/2003">
  <ItemGroup>
    <Filter Include="Lib">
      <UniqueIdentifier>{1d8c2b9e-e231-44a9-8329-27f684938ffb}</UniqueIdentifier>
    </Filter>
    <Filter Include="Main">
      <UniqueIdentifier>{db2b0fd9-a515-4782-b5dd-03d7918b06b2}</UniqueIdentifier>
    </Filter>
    <Filter Include="Lib\D3D">
      <UniqueIdentifier>{9f07cedb-c9e9-42e5-ad5c-f2ca11820117}</UniqueIdentifier>
    </Filter>
    <Filter Include="Lib\Draw2D">
      <UniqueIdentifier>{cd8d44b7-88b8-4042-aec0-5b15f0a4bd78}</UniqueIdentifier>
    </Filter>
    <Filter Include="Lib\Texture">
      <UniqueIdentifier>{ff7520fe-13ed-499a-8cf1-1a50f955146e}</UniqueIdentifier>
    </Filter>
    <Filter Include="Lib\WIndow">
      <UniqueIdentifier>{23c94161-3f4a-4cca-ab91-1e88b97fb651}</UniqueIdentifier>
    </Filter>
    <Filter Include="Lib\KeyInput">
      <UniqueIdentifier>{00161008-662e-4ea3-bf23-1604ace63432}</UniqueIdentifier>
    </Filter>
    <Filter Include="Object">
      <UniqueIdentifier>{66a9ea19-4606-4d23-97e1-07e6741c97ac}</UniqueIdentifier>
    </Filter>
    <Filter Include="Object\Enemy">
      <UniqueIdentifier>{053f1512-45d3-4f18-ae01-37089ed66c2d}</UniqueIdentifier>
    </Filter>
    <Filter Include="Object\Player">
      <UniqueIdentifier>{f7e7754f-bf7f-4c40-9fc4-3cf12c55bd7a}</UniqueIdentifier>
    </Filter>
    <Filter Include="Object\Bullet">
      <UniqueIdentifier>{895b709a-b2d4-44a8-b3e2-cfcb17d29418}</UniqueIdentifier>
    </Filter>
    <Filter Include="Manager">
      <UniqueIdentifier>{d11970d8-b4ea-4b87-96ea-3ef6414f30cf}</UniqueIdentifier>
    </Filter>
    <Filter Include="Manager\ObjectManager">
      <UniqueIdentifier>{527b6469-b4c0-4567-9f38-ede67e4996b7}</UniqueIdentifier>
    </Filter>
    <Filter Include="Manager\ResourceManager">
      <UniqueIdentifier>{513f10c1-3fe2-4939-b7d6-411e99358345}</UniqueIdentifier>
    </Filter>
    <Filter Include="Base">
      <UniqueIdentifier>{ebb555d1-90d0-4b72-937c-98fbb70a11dc}</UniqueIdentifier>
    </Filter>
    <Filter Include="Base\BulletBase">
      <UniqueIdentifier>{fa0ef8e8-2507-4ee8-81d5-45b6320bd234}</UniqueIdentifier>
    </Filter>
    <Filter Include="Base\EnemyBase">
      <UniqueIdentifier>{a48ec274-e71b-4239-af1b-79be4bd21412}</UniqueIdentifier>
    </Filter>
    <Filter Include="Base\ObjectBase">
      <UniqueIdentifier>{168f88c3-83ad-4b1d-9086-ef50fcdbbc2d}</UniqueIdentifier>
    </Filter>
    <Filter Include="Base\PlayerBase">
      <UniqueIdentifier>{98cbe815-0b48-464b-baf0-db68dc3d1c29}</UniqueIdentifier>
    </Filter>
    <Filter Include="Lib\Collision">
      <UniqueIdentifier>{e6810bf4-e7e6-4123-814e-698b08de5cd8}</UniqueIdentifier>
    </Filter>
    <Filter Include="Lib\Calc">
      <UniqueIdentifier>{0a75802c-7cbf-4257-beb9-b33e36094aa5}</UniqueIdentifier>
    </Filter>
    <Filter Include="GameData">
      <UniqueIdentifier>{bf15d1e2-74fc-4021-8827-c7eef5ec2a99}</UniqueIdentifier>
    </Filter>
  </ItemGroup>
  <ItemGroup>
    <ClCompile Include="Source\Lib\D3D\D3D.cpp">
      <Filter>Lib\D3D</Filter>
    </ClCompile>
    <ClCompile Include="Source\Lib\Draw2D\Draw2D.cpp">
      <Filter>Lib\Draw2D</Filter>
    </ClCompile>
    <ClCompile Include="Source\Lib\KeyInput\KeyInput.cpp">
      <Filter>Lib\KeyInput</Filter>
    </ClCompile>
    <ClCompile Include="Source\Lib\Texture\Texture.cpp">
      <Filter>Lib\Texture</Filter>
    </ClCompile>
    <ClCompile Include="Source\Lib\Window\Window.cpp">
      <Filter>Lib\WIndow</Filter>
    </ClCompile>
    <ClCompile Include="Source\Main\main.cpp">
      <Filter>Main</Filter>
    </ClCompile>
    <ClCompile Include="Source\Object\Player\Player.cpp">
      <Filter>Object\Player</Filter>
    </ClCompile>
    <ClCompile Include="Source\Object\Enemy\Enemy.cpp">
      <Filter>Object\Enemy</Filter>
    </ClCompile>
    <ClCompile Include="Source\Manager\ObjectManager\ObjectManager.cpp">
      <Filter>Manager\ObjectManager</Filter>
    </ClCompile>
    <ClCompile Include="Source\Manager\ResourceManager\ResourceManager.cpp">
      <Filter>Manager\ResourceManager</Filter>
    </ClCompile>
    <ClCompile Include="Source\Object\Bullet\Bullet.cpp">
      <Filter>Object\Bullet</Filter>
    </ClCompile>
    <ClCompile Include="Source\Base\BulletBase\Bulletbase.cpp">
      <Filter>Base\BulletBase</Filter>
    </ClCompile>
    <ClCompile Include="Source\Base\EnemyBase\EnemyBase.cpp">
      <Filter>Base\EnemyBase</Filter>
    </ClCompile>
    <ClCompile Include="Source\Base\ObjectBase\ObjectBase.cpp">
      <Filter>Base\ObjectBase</Filter>
    </ClCompile>
    <ClCompile Include="Source\Base\PlayerBase\PlayerBase.cpp">
      <Filter>Base\PlayerBase</Filter>
    </ClCompile>
    <ClCompile Include="Source\Lib\Collision\Collision.cpp">
      <Filter>Lib\Collision</Filter>
    </ClCompile>
    <ClCompile Include="Calc.cpp">
      <Filter>Lib\Calc</Filter>
    </ClCompile>
    <ClCompile Include="GameData.cpp">
      <Filter>GameData</Filter>
    </ClCompile>
  </ItemGroup>
  <ItemGroup>
    <ClInclude Include="Source\Lib\D3D\D3D.h">
      <Filter>Lib\D3D</Filter>
    </ClInclude>
    <ClInclude Include="Source\Lib\Draw2D\Draw2D.h">
      <Filter>Lib\Draw2D</Filter>
    </ClInclude>
    <ClInclude Include="Source\Lib\KeyInput\KeyInput.h">
      <Filter>Lib\KeyInput</Filter>
    </ClInclude>
    <ClInclude Include="Source\Lib\Texture\Texture.h">
      <Filter>Lib\Texture</Filter>
    </ClInclude>
    <ClInclude Include="Source\Lib\Window\Window.h">
      <Filter>Lib\WIndow</Filter>
    </ClInclude>
    <ClInclude Include="Source\Object\Player\Player.h">
      <Filter>Object\Player</Filter>
    </ClInclude>
    <ClInclude Include="Source\Object\Enemy\Enemy.h">
      <Filter>Object\Enemy</Filter>
    </ClInclude>
    <ClInclude Include="Source\Manager\ObjectManager\ObjectManager.h">
      <Filter>Manager\ObjectManager</Filter>
    </ClInclude>
    <ClInclude Include="Source\Manager\ResourceManager\ResourceManager.h">
      <Filter>Manager\ResourceManager</Filter>
    </ClInclude>
    <ClInclude Include="Source\Object\Bullet\Bullet.h">
      <Filter>Object\Bullet</Filter>
    </ClInclude>
    <ClInclude Include="Source\Base\BulletBase\BulletBase.h">
      <Filter>Base\BulletBase</Filter>
    </ClInclude>
    <ClInclude Include="Source\Base\EnemyBase\EnemyBase.h">
      <Filter>Base\EnemyBase</Filter>
    </ClInclude>
    <ClInclude Include="Source\Base\PlayerBase\PlayerBase.h">
      <Filter>Base\PlayerBase</Filter>
    </ClInclude>
    <ClInclude Include="Source\Lib\Collision\Collision.h">
      <Filter>Lib\Collision</Filter>
    </ClInclude>
    <ClInclude Include="Calc.h">
      <Filter>Lib\Calc</Filter>
    </ClInclude>
    <ClInclude Include="Source\Base\ObjectBase\ObjectBase.h">
      <Filter>Base\ObjectBase</Filter>
    </ClInclude>
    <ClInclude Include="GameData.h">
      <Filter>GameData</Filter>
    </ClInclude>
  </ItemGroup>
</Project>