<?xml version="1.0" encoding="utf-8"?>
<Project ToolsVersion="4.0" xmlns="http://schemas.microsoft.com/developer/msbuild/2003">
  <ItemGroup>
    <Filter Include="ソース ファイル">
      <UniqueIdentifier>{4FC737F1-C7A5-4376-A066-2A32D752A2FF}</UniqueIdentifier>
      <Extensions>cpp;c;cc;cxx;def;odl;idl;hpj;bat;asm;asmx</Extensions>
    </Filter>
    <Filter Include="ヘッダー ファイル">
      <UniqueIdentifier>{93995380-89BD-4b04-88EB-625FBE52EBFB}</UniqueIdentifier>
      <Extensions>h;hh;hpp;hxx;hm;inl;inc;ipp;xsd</Extensions>
    </Filter>
    <Filter Include="リソース ファイル">
      <UniqueIdentifier>{67DA6AB6-F800-4c08-8B7A-83BB121AAD01}</UniqueIdentifier>
      <Extensions>rc;ico;cur;bmp;dlg;rc2;rct;bin;rgs;gif;jpg;jpeg;jpe;resx;tiff;tif;png;wav;mfcribbon-ms</Extensions>
    </Filter>
    <Filter Include="Lib">
      <UniqueIdentifier>{1d8c2b9e-e231-44a9-8329-27f684938ffb}</UniqueIdentifier>
    </Filter>
    <Filter Include="Main">
      <UniqueIdentifier>{db2b0fd9-a515-4782-b5dd-03d7918b06b2}</UniqueIdentifier>
    </Filter>
    <Filter Include="Lib\D3D">
      <UniqueIdentifier>{9f07cedb-c9e9-42e5-ad5c-f2ca11820117}</UniqueIdentifier>
    </Filter>
    <Filter Include="Lib\Draw2D">
      <UniqueIdentifier>{cd8d44b7-88b8-4042-aec0-5b15f0a4bd78}</UniqueIdentifier>
    </Filter>
    <Filter Include="Lib\Texture">
      <UniqueIdentifier>{ff7520fe-13ed-499a-8cf1-1a50f955146e}</UniqueIdentifier>
    </Filter>
    <Filter Include="Lib\WIndow">
      <UniqueIdentifier>{23c94161-3f4a-4cca-ab91-1e88b97fb651}</UniqueIdentifier>
    </Filter>
    <Filter Include="ResourceManager">
      <UniqueIdentifier>{513f10c1-3fe2-4939-b7d6-411e99358345}</UniqueIdentifier>
    </Filter>
    <Filter Include="Player">
      <UniqueIdentifier>{f7e7754f-bf7f-4c40-9fc4-3cf12c55bd7a}</UniqueIdentifier>
    </Filter>
    <Filter Include="Enemy">
      <UniqueIdentifier>{053f1512-45d3-4f18-ae01-37089ed66c2d}</UniqueIdentifier>
    </Filter>
    <Filter Include="ObjectBase">
      <UniqueIdentifier>{168f88c3-83ad-4b1d-9086-ef50fcdbbc2d}</UniqueIdentifier>
    </Filter>
    <Filter Include="ObjectManager">
      <UniqueIdentifier>{527b6469-b4c0-4567-9f38-ede67e4996b7}</UniqueIdentifier>
    </Filter>
    <Filter Include="Lib\KeyInput">
      <UniqueIdentifier>{00161008-662e-4ea3-bf23-1604ace63432}</UniqueIdentifier>
    </Filter>
  </ItemGroup>
  <ItemGroup>
    <ClCompile Include="Source\Enemy\Enemy.cpp">
      <Filter>Enemy</Filter>
    </ClCompile>
    <ClCompile Include="Source\Enemy\EnemyBase.cpp">
      <Filter>Enemy</Filter>
    </ClCompile>
    <ClCompile Include="Source\Lib\D3D\D3D.cpp">
      <Filter>Lib\D3D</Filter>
    </ClCompile>
    <ClCompile Include="Source\Lib\Draw2D\Draw2D.cpp">
      <Filter>Lib\Draw2D</Filter>
    </ClCompile>
    <ClCompile Include="Source\Lib\KeyInput\KeyInput.cpp">
      <Filter>Lib\KeyInput</Filter>
    </ClCompile>
    <ClCompile Include="Source\Lib\Texture\Texture.cpp">
      <Filter>Lib\Texture</Filter>
    </ClCompile>
    <ClCompile Include="Source\Lib\Window\Window.cpp">
      <Filter>Lib\WIndow</Filter>
    </ClCompile>
    <ClCompile Include="Source\Main\main.cpp">
      <Filter>Main</Filter>
    </ClCompile>
    <ClCompile Include="Source\ObjectBase\ObjectBase.cpp">
      <Filter>ObjectBase</Filter>
    </ClCompile>
    <ClCompile Include="Source\ObjectManager\ObjectManager.cpp">
      <Filter>ObjectManager</Filter>
    </ClCompile>
    <ClCompile Include="Source\Player\Player.cpp">
      <Filter>Player</Filter>
    </ClCompile>
    <ClCompile Include="Source\Player\PlayerBase.cpp">
      <Filter>Player</Filter>
    </ClCompile>
    <ClCompile Include="Source\ResourceManager\ResourceManager.cpp">
      <Filter>ResourceManager</Filter>
    </ClCompile>
  </ItemGroup>
  <ItemGroup>
    <ClInclude Include="Source\Enemy\Enemy.h">
      <Filter>Enemy</Filter>
    </ClInclude>
    <ClInclude Include="Source\Enemy\EnemyBase.h">
      <Filter>Enemy</Filter>
    </ClInclude>
    <ClInclude Include="Source\Lib\D3D\D3D.h">
      <Filter>Lib\D3D</Filter>
    </ClInclude>
    <ClInclude Include="Source\Lib\Draw2D\Draw2D.h">
      <Filter>Lib\Draw2D</Filter>
    </ClInclude>
    <ClInclude Include="Source\Lib\KeyInput\KeyInput.h">
      <Filter>Lib\KeyInput</Filter>
    </ClInclude>
    <ClInclude Include="Source\Lib\Texture\Texture.h">
      <Filter>Lib\Texture</Filter>
    </ClInclude>
    <ClInclude Include="Source\Lib\Window\Window.h">
      <Filter>Lib\WIndow</Filter>
    </ClInclude>
    <ClInclude Include="Source\ObjectBase\ObjectBase.h">
      <Filter>ObjectBase</Filter>
    </ClInclude>
    <ClInclude Include="Source\ObjectManager\ObjectManager.h">
      <Filter>ObjectManager</Filter>
    </ClInclude>
    <ClInclude Include="Source\Player\Player.h">
      <Filter>Player</Filter>
    </ClInclude>
    <ClInclude Include="Source\Player\PlayerBase.h">
      <Filter>Player</Filter>
    </ClInclude>
    <ClInclude Include="Source\ResourceManager\ResourceManager.h">
      <Filter>ResourceManager</Filter>
    </ClInclude>
  </ItemGroup>
</Project>